
Microsoft Visual Studio Solution File, Format Version 12.00
# Visual Studio Version 17
VisualStudioVersion = 17.5.002.0
MinimumVisualStudioVersion = 10.0.40219.1
Project("{9A19103F-16F7-4668-BE54-9A1E7A4F7556}") = "WebApi", "WebApi\WebApi.csproj", "{513D0D92-DAC6-45DF-88B3-0AD55230414C}"
EndProject
Project("{FAE04EC0-301F-11D3-BF4B-00C04F79EFBC}") = "WebApp", "WebApp\WebApp.csproj", "{12D88438-0DB0-4549-AD71-585A672E8251}"
EndProject
Project("{FAE04EC0-301F-11D3-BF4B-00C04F79EFBC}") = "DTO", "DTO\DTO.csproj", "{63437302-8E63-472B-889C-4CE94E114AC6}"
EndProject
Global
	GlobalSection(SolutionConfigurationPlatforms) = preSolution
		Debug|Any CPU = Debug|Any CPU
		Release|Any CPU = Release|Any CPU
	EndGlobalSection
	GlobalSection(ProjectConfigurationPlatforms) = postSolution
		{513D0D92-DAC6-45DF-88B3-0AD55230414C}.Debug|Any CPU.ActiveCfg = Debug|Any CPU
		{513D0D92-DAC6-45DF-88B3-0AD55230414C}.Debug|Any CPU.Build.0 = Debug|Any CPU
		{513D0D92-DAC6-45DF-88B3-0AD55230414C}.Release|Any CPU.ActiveCfg = Release|Any CPU
		{513D0D92-DAC6-45DF-88B3-0AD55230414C}.Release|Any CPU.Build.0 = Release|Any CPU
		{12D88438-0DB0-4549-AD71-585A672E8251}.Debug|Any CPU.ActiveCfg = Debug|Any CPU
		{12D88438-0DB0-4549-AD71-585A672E8251}.Debug|Any CPU.Build.0 = Debug|Any CPU
		{12D88438-0DB0-4549-AD71-585A672E8251}.Release|Any CPU.ActiveCfg = Release|Any CPU
		{12D88438-0DB0-4549-AD71-585A672E8251}.Release|Any CPU.Build.0 = Release|Any CPU
		{63437302-8E63-472B-889C-4CE94E114AC6}.Debug|Any CPU.ActiveCfg = Debug|Any CPU
		{63437302-8E63-472B-889C-4CE94E114AC6}.Debug|Any CPU.Build.0 = Debug|Any CPU
		{63437302-8E63-472B-889C-4CE94E114AC6}.Release|Any CPU.ActiveCfg = Release|Any CPU
		{63437302-8E63-472B-889C-4CE94E114AC6}.Release|Any CPU.Build.0 = Release|Any CPU
	EndGlobalSection
	GlobalSection(SolutionProperties) = preSolution
		HideSolutionNode = FALSE
	EndGlobalSection
	GlobalSection(ExtensibilityGlobals) = postSolution
		SolutionGuid = {187D50BC-E5E5-424A-8496-5803CD8911D1}
	EndGlobalSection
EndGlobal
